
Microsoft Visual Studio Solution File, Format Version 12.00
# Visual Studio 16
Project("{FAE04EC0-301F-11D3-BF4B-00C04F79EFBC}") = "Assembly-CSharp", "Assembly-CSharp.csproj", "{C214A572-375B-6097-3542-7973C24BCC97}"
EndProject
Project("{FAE04EC0-301F-11D3-BF4B-00C04F79EFBC}") = "Assembly-CSharp-firstpass", "Assembly-CSharp-firstpass.csproj", "{52D145E6-0DE2-11B9-712B-DB8494C8D31B}"
EndProject
Project("{FAE04EC0-301F-11D3-BF4B-00C04F79EFBC}") = "Assembly-CSharp-Editor-firstpass", "Assembly-CSharp-Editor-firstpass.csproj", "{D65157F3-F797-7BBA-B5CE-3153EBB1076D}"
EndProject
Global
	GlobalSection(SolutionConfigurationPlatforms) = preSolution
		Debug|Any CPU = Debug|Any CPU
		Release|Any CPU = Release|Any CPU
	EndGlobalSection
	GlobalSection(ProjectConfigurationPlatforms) = postSolution
		{C214A572-375B-6097-3542-7973C24BCC97}.Debug|Any CPU.ActiveCfg = Debug|Any CPU
		{C214A572-375B-6097-3542-7973C24BCC97}.Debug|Any CPU.Build.0 = Debug|Any CPU
		{C214A572-375B-6097-3542-7973C24BCC97}.Release|Any CPU.ActiveCfg = Release|Any CPU
		{C214A572-375B-6097-3542-7973C24BCC97}.Release|Any CPU.Build.0 = Release|Any CPU
		{52D145E6-0DE2-11B9-712B-DB8494C8D31B}.Debug|Any CPU.ActiveCfg = Debug|Any CPU
		{52D145E6-0DE2-11B9-712B-DB8494C8D31B}.Debug|Any CPU.Build.0 = Debug|Any CPU
		{52D145E6-0DE2-11B9-712B-DB8494C8D31B}.Release|Any CPU.ActiveCfg = Release|Any CPU
		{52D145E6-0DE2-11B9-712B-DB8494C8D31B}.Release|Any CPU.Build.0 = Release|Any CPU
		{D65157F3-F797-7BBA-B5CE-3153EBB1076D}.Debug|Any CPU.ActiveCfg = Debug|Any CPU
		{D65157F3-F797-7BBA-B5CE-3153EBB1076D}.Debug|Any CPU.Build.0 = Debug|Any CPU
		{D65157F3-F797-7BBA-B5CE-3153EBB1076D}.Release|Any CPU.ActiveCfg = Release|Any CPU
		{D65157F3-F797-7BBA-B5CE-3153EBB1076D}.Release|Any CPU.Build.0 = Release|Any CPU
	EndGlobalSection
	GlobalSection(SolutionProperties) = preSolution
		HideSolutionNode = FALSE
	EndGlobalSection
EndGlobal
