
Microsoft Visual Studio Solution File, Format Version 12.00
# Visual Studio Version 16
VisualStudioVersion = 16.0.29324.140
MinimumVisualStudioVersion = 10.0.40219.1
Project("{FAE04EC0-301F-11D3-BF4B-00C04F79EFBC}") = "UsuarisWinFormUI", "UsuarisWinFormUI\UsuarisWinFormUI.csproj", "{51750034-FB39-4AEE-B7F0-A131B9D3A36D}"
EndProject
Global
	GlobalSection(SolutionConfigurationPlatforms) = preSolution
		Debug|Any CPU = Debug|Any CPU
		Release|Any CPU = Release|Any CPU
	EndGlobalSection
	GlobalSection(ProjectConfigurationPlatforms) = postSolution
		{51750034-FB39-4AEE-B7F0-A131B9D3A36D}.Debug|Any CPU.ActiveCfg = Debug|Any CPU
		{51750034-FB39-4AEE-B7F0-A131B9D3A36D}.Debug|Any CPU.Build.0 = Debug|Any CPU
		{51750034-FB39-4AEE-B7F0-A131B9D3A36D}.Release|Any CPU.ActiveCfg = Release|Any CPU
		{51750034-FB39-4AEE-B7F0-A131B9D3A36D}.Release|Any CPU.Build.0 = Release|Any CPU
	EndGlobalSection
	GlobalSection(SolutionProperties) = preSolution
		HideSolutionNode = FALSE
	EndGlobalSection
	GlobalSection(ExtensibilityGlobals) = postSolution
		SolutionGuid = {C79C11EE-7957-470C-B349-14A42C887193}
	EndGlobalSection
EndGlobal
